
Microsoft Visual Studio Solution File, Format Version 12.00
# Visual Studio 2012
Project("{FAE04EC0-301F-11D3-BF4B-00C04F79EFBC}") = "final_sorusu_6", "final_sorusu_6\final_sorusu_6.csproj", "{EA5AF44C-3190-4494-819A-257722BDFD14}"
EndProject
Global
	GlobalSection(SolutionConfigurationPlatforms) = preSolution
		Debug|Any CPU = Debug|Any CPU
		Release|Any CPU = Release|Any CPU
	EndGlobalSection
	GlobalSection(ProjectConfigurationPlatforms) = postSolution
		{EA5AF44C-3190-4494-819A-257722BDFD14}.Debug|Any CPU.ActiveCfg = Debug|Any CPU
		{EA5AF44C-3190-4494-819A-257722BDFD14}.Debug|Any CPU.Build.0 = Debug|Any CPU
		{EA5AF44C-3190-4494-819A-257722BDFD14}.Release|Any CPU.ActiveCfg = Release|Any CPU
		{EA5AF44C-3190-4494-819A-257722BDFD14}.Release|Any CPU.Build.0 = Release|Any CPU
	EndGlobalSection
	GlobalSection(SolutionProperties) = preSolution
		HideSolutionNode = FALSE
	EndGlobalSection
EndGlobal
